
Microsoft Visual Studio Solution File, Format Version 12.00
# Visual Studio Version 17
VisualStudioVersion = 17.8.34309.116
MinimumVisualStudioVersion = 10.0.40219.1
Project("{9A19103F-16F7-4668-BE54-9A1E7A4F7556}") = "QuanLySP", "src\QuanLySP\QuanLySP.csproj", "{19581DCF-0C58-469A-8563-720EC994EAD1}"
EndProject
Global
	GlobalSection(SolutionConfigurationPlatforms) = preSolution
		Debug|Any CPU = Debug|Any CPU
		Release|Any CPU = Release|Any CPU
	EndGlobalSection
	GlobalSection(ProjectConfigurationPlatforms) = postSolution
		{19581DCF-0C58-469A-8563-720EC994EAD1}.Debug|Any CPU.ActiveCfg = Debug|Any CPU
		{19581DCF-0C58-469A-8563-720EC994EAD1}.Debug|Any CPU.Build.0 = Debug|Any CPU
		{19581DCF-0C58-469A-8563-720EC994EAD1}.Release|Any CPU.ActiveCfg = Release|Any CPU
		{19581DCF-0C58-469A-8563-720EC994EAD1}.Release|Any CPU.Build.0 = Release|Any CPU
	EndGlobalSection
	GlobalSection(SolutionProperties) = preSolution
		HideSolutionNode = FALSE
	EndGlobalSection
	GlobalSection(ExtensibilityGlobals) = postSolution
		SolutionGuid = {8B9A9E00-CD84-42C8-A628-72F3EB86E7CC}
	EndGlobalSection
EndGlobal
